{
  "nodes": {
    "nixpkgs": {
      "locked": {
        "lastModified": 1780734595,
        "narHash": "sha256-DmTfP92QFYRLOGXlMIE54MAgxSJjDWocl3gRNOu72Os=",
        "owner": "NixOS",
        "repo": "nixpkgs",
        "rev": "9b696460ac78b5ccfc17c854d8c976f20456e943",
        "type": "github"
      },
      "original": {
        "owner": "NixOS",
        "ref": "nixos-26.05",
        "repo": "nixpkgs",
        "type": "github"
      }
    },
    "nixpkgs_2": {
      "locked": {
        "lastModified": 1780453794,
        "narHash": "sha256-bXMRa9VTsHSPXL4Cw8R6JJLQeY3Y/IP4+YJCYVmQ7FY=",
        "owner": "NixOS",
        "repo": "nixpkgs",
        "rev": "6b316287bae2ee04c9b93c8c858d930fd07d7338",
        "type": "github"
      },
      "original": {
        "owner": "NixOS",
        "ref": "nixos-26.05",
        "repo": "nixpkgs",
        "type": "github"
      }
    },
    "qpwsh": {
      "inputs": {
        "nixpkgs": [
          "nixpkgs"
        ],
        "test-vm": "test-vm"
      },
      "locked": {
        "lastModified": 1780955906,
        "narHash": "sha256-8Q/5QmQhVUO1SKcV5dTVQ+kTG2QN6vQ8u3PcDSvMKdw=",
        "ref": "refs/heads/main",
        "rev": "5c7600d11a24a6a1a8f30df0771ffe310075a9b5",
        "revCount": 3,
        "type": "git",
        "url": "https://forgejo.immerhouse.com/jimurrito/quiet-powershell"
      },
      "original": {
        "type": "git",
        "url": "https://forgejo.immerhouse.com/jimurrito/quiet-powershell"
      }
    },
    "root": {
      "inputs": {
        "nixpkgs": "nixpkgs",
        "qpwsh": "qpwsh",
        "test-vm": "test-vm_2"
      }
    },
    "test-vm": {
      "inputs": {
        "nixpkgs": "nixpkgs_2"
      },
      "locked": {
        "lastModified": 1780721646,
        "narHash": "sha256-6Zb4mnaJ+i3URytB89VAozQA6kTe2mb9lVw1UHFmy/I=",
        "owner": "jimurrito",
        "repo": "nixos-test-vm",
        "rev": "66ffacec9728f4043c93c5b04128b40cdb0a324d",
        "type": "github"
      },
      "original": {
        "owner": "jimurrito",
        "repo": "nixos-test-vm",
        "type": "github"
      }
    },
    "test-vm_2": {
      "inputs": {
        "nixpkgs": [
          "nixpkgs"
        ]
      },
      "locked": {
        "lastModified": 1780721646,
        "narHash": "sha256-6Zb4mnaJ+i3URytB89VAozQA6kTe2mb9lVw1UHFmy/I=",
        "owner": "jimurrito",
        "repo": "nixos-test-vm",
        "rev": "66ffacec9728f4043c93c5b04128b40cdb0a324d",
        "type": "github"
      },
      "original": {
        "owner": "jimurrito",
        "repo": "nixos-test-vm",
        "type": "github"
      }
    }
  },
  "root": "root",
  "version": 7
}
